
Microsoft Visual Studio Solution File, Format Version 12.00
# Visual Studio Version 17
VisualStudioVersion = 17.7.34221.43
MinimumVisualStudioVersion = 10.0.40219.1
Project("{FAE04EC0-301F-11D3-BF4B-00C04F79EFBC}") = "Tobeto_Methods", "Tobeto_Methods\Tobeto_Methods.csproj", "{4C7C7714-B1AF-43DE-BEC3-A91595FF7CED}"
EndProject
Project("{FAE04EC0-301F-11D3-BF4B-00C04F79EFBC}") = "Tobeto_Maths", "Tobeto_Maths\Tobeto_Maths.csproj", "{5E25A95F-9ECD-47ED-B8A0-F3F5F09BF4E9}"
EndProject
Project("{FAE04EC0-301F-11D3-BF4B-00C04F79EFBC}") = "DegerVeReferansTipler", "DegerVeReferansTipler\DegerVeReferansTipler.csproj", "{BB9C1E7A-E58D-4ED9-8085-35FB3BA65594}"
EndProject
Global
	GlobalSection(SolutionConfigurationPlatforms) = preSolution
		Debug|Any CPU = Debug|Any CPU
		Release|Any CPU = Release|Any CPU
	EndGlobalSection
	GlobalSection(ProjectConfigurationPlatforms) = postSolution
		{4C7C7714-B1AF-43DE-BEC3-A91595FF7CED}.Debug|Any CPU.ActiveCfg = Debug|Any CPU
		{4C7C7714-B1AF-43DE-BEC3-A91595FF7CED}.Debug|Any CPU.Build.0 = Debug|Any CPU
		{4C7C7714-B1AF-43DE-BEC3-A91595FF7CED}.Release|Any CPU.ActiveCfg = Release|Any CPU
		{4C7C7714-B1AF-43DE-BEC3-A91595FF7CED}.Release|Any CPU.Build.0 = Release|Any CPU
		{5E25A95F-9ECD-47ED-B8A0-F3F5F09BF4E9}.Debug|Any CPU.ActiveCfg = Debug|Any CPU
		{5E25A95F-9ECD-47ED-B8A0-F3F5F09BF4E9}.Debug|Any CPU.Build.0 = Debug|Any CPU
		{5E25A95F-9ECD-47ED-B8A0-F3F5F09BF4E9}.Release|Any CPU.ActiveCfg = Release|Any CPU
		{5E25A95F-9ECD-47ED-B8A0-F3F5F09BF4E9}.Release|Any CPU.Build.0 = Release|Any CPU
		{BB9C1E7A-E58D-4ED9-8085-35FB3BA65594}.Debug|Any CPU.ActiveCfg = Debug|Any CPU
		{BB9C1E7A-E58D-4ED9-8085-35FB3BA65594}.Debug|Any CPU.Build.0 = Debug|Any CPU
		{BB9C1E7A-E58D-4ED9-8085-35FB3BA65594}.Release|Any CPU.ActiveCfg = Release|Any CPU
		{BB9C1E7A-E58D-4ED9-8085-35FB3BA65594}.Release|Any CPU.Build.0 = Release|Any CPU
	EndGlobalSection
	GlobalSection(SolutionProperties) = preSolution
		HideSolutionNode = FALSE
	EndGlobalSection
	GlobalSection(ExtensibilityGlobals) = postSolution
		SolutionGuid = {79748FCE-5602-4AC5-B123-0F8FDF485F1C}
	EndGlobalSection
EndGlobal
